
Microsoft Visual Studio Solution File, Format Version 12.00
# Visual Studio Version 16
VisualStudioVersion = 16.0.31321.278
MinimumVisualStudioVersion = 10.0.40219.1
Project("{FAE04EC0-301F-11D3-BF4B-00C04F79EFBC}") = "RobotWars", "RobotWars\RobotWars.csproj", "{D27C0CD1-B4C8-4B6A-87B6-F513D41224CA}"
EndProject
Project("{FAE04EC0-301F-11D3-BF4B-00C04F79EFBC}") = "RobotWarsTests", "RobotWarsTests\RobotWarsTests.csproj", "{0CD44287-6C13-4C8A-ACC4-E751366E9585}"
EndProject
Global
	GlobalSection(SolutionConfigurationPlatforms) = preSolution
		Debug|Any CPU = Debug|Any CPU
		Release|Any CPU = Release|Any CPU
	EndGlobalSection
	GlobalSection(ProjectConfigurationPlatforms) = postSolution
		{D27C0CD1-B4C8-4B6A-87B6-F513D41224CA}.Debug|Any CPU.ActiveCfg = Debug|Any CPU
		{D27C0CD1-B4C8-4B6A-87B6-F513D41224CA}.Debug|Any CPU.Build.0 = Debug|Any CPU
		{D27C0CD1-B4C8-4B6A-87B6-F513D41224CA}.Release|Any CPU.ActiveCfg = Release|Any CPU
		{D27C0CD1-B4C8-4B6A-87B6-F513D41224CA}.Release|Any CPU.Build.0 = Release|Any CPU
		{0CD44287-6C13-4C8A-ACC4-E751366E9585}.Debug|Any CPU.ActiveCfg = Debug|Any CPU
		{0CD44287-6C13-4C8A-ACC4-E751366E9585}.Debug|Any CPU.Build.0 = Debug|Any CPU
		{0CD44287-6C13-4C8A-ACC4-E751366E9585}.Release|Any CPU.ActiveCfg = Release|Any CPU
		{0CD44287-6C13-4C8A-ACC4-E751366E9585}.Release|Any CPU.Build.0 = Release|Any CPU
	EndGlobalSection
	GlobalSection(SolutionProperties) = preSolution
		HideSolutionNode = FALSE
	EndGlobalSection
	GlobalSection(ExtensibilityGlobals) = postSolution
		SolutionGuid = {BDB5B181-FDA2-4443-ADEE-B20D326BCDB8}
	EndGlobalSection
EndGlobal
